# This file is automatically @generated by Cargo.
# It is not intended for manual editing.
version = 4

[[package]]
name = "rusty_rtos_core"
version = "0.2.0"
source = "registry+https://github.com/rust-lang/crates.io-index"
checksum = "1a387ececa058fe014bfcdf86851fba7eee77397fbf0fffdb15f720c082a20e7"

[[package]]
name = "rusty_rtos_sntp"
version = "0.2.0"
dependencies = [
 "rusty_rtos_sntp-core",
]

[[package]]
name = "rusty_rtos_sntp-core"
version = "0.2.0"
dependencies = [
 "rusty_rtos_core",
]
