# This file is automatically @generated by Cargo.
# It is not intended for manual editing.
version = 4

[[package]]
name = "rusty_rtos_core"
version = "0.1.0"

[[package]]
name = "rusty_rtos_sntp"
version = "0.1.0"
dependencies = [
 "rusty_rtos_sntp-core",
]

[[package]]
name = "rusty_rtos_sntp-core"
version = "0.1.0"
dependencies = [
 "rusty_rtos_core",
]
